
Microsoft Visual Studio Solution File, Format Version 12.00
# Visual Studio Version 17
VisualStudioVersion = 17.6.33829.357
MinimumVisualStudioVersion = 10.0.40219.1
Project("{FAE04EC0-301F-11D3-BF4B-00C04F79EFBC}") = "BG3LootTableGenerator", "BG3LootTableGenerator.csproj", "{9206601D-A9E0-4F1B-A9C2-E9A341B0A485}"
EndProject
Global
	GlobalSection(SolutionConfigurationPlatforms) = preSolution
		Debug|Any CPU = Debug|Any CPU
		Release|Any CPU = Release|Any CPU
	EndGlobalSection
	GlobalSection(ProjectConfigurationPlatforms) = postSolution
		{9206601D-A9E0-4F1B-A9C2-E9A341B0A485}.Debug|Any CPU.ActiveCfg = Debug|Any CPU
		{9206601D-A9E0-4F1B-A9C2-E9A341B0A485}.Debug|Any CPU.Build.0 = Debug|Any CPU
		{9206601D-A9E0-4F1B-A9C2-E9A341B0A485}.Release|Any CPU.ActiveCfg = Release|Any CPU
		{9206601D-A9E0-4F1B-A9C2-E9A341B0A485}.Release|Any CPU.Build.0 = Release|Any CPU
	EndGlobalSection
	GlobalSection(SolutionProperties) = preSolution
		HideSolutionNode = FALSE
	EndGlobalSection
	GlobalSection(ExtensibilityGlobals) = postSolution
		SolutionGuid = {38D34D4A-B789-496D-8E7E-23BB6B9E61AB}
	EndGlobalSection
EndGlobal
